
Microsoft Visual Studio Solution File, Format Version 12.00
# Visual Studio Version 17
VisualStudioVersion = 17.0.31903.59
MinimumVisualStudioVersion = 10.0.40219.1
Project("{2150E333-8FDC-42A3-9474-1A3956D46DE8}") = "src", "src", "{827E0CD3-B72D-47B6-A68D-7590B98EB39B}"
EndProject
Project("{FAE04EC0-301F-11D3-BF4B-00C04F79EFBC}") = "ECommerce.Domain", "src\ECommerce.Domain\ECommerce.Domain.csproj", "{CF5FC1C7-11A9-4949-BB53-0889B3109C32}"
EndProject
Project("{FAE04EC0-301F-11D3-BF4B-00C04F79EFBC}") = "ECommerce.Application", "src\ECommerce.Application\ECommerce.Application.csproj", "{D6383583-93D1-4CDE-8755-AB6DCADC3037}"
EndProject
Project("{FAE04EC0-301F-11D3-BF4B-00C04F79EFBC}") = "ECommerce.Infrastructure", "src\ECommerce.Infrastructure\ECommerce.Infrastructure.csproj", "{4496FCF5-5169-4B84-AA2A-B4087ED3C281}"
EndProject
Project("{FAE04EC0-301F-11D3-BF4B-00C04F79EFBC}") = "ECommerce.Persistence", "src\ECommerce.Persistence\ECommerce.Persistence.csproj", "{770B26CB-FF1B-4933-9F48-969EDC191FD5}"
EndProject
Project("{FAE04EC0-301F-11D3-BF4B-00C04F79EFBC}") = "ECommerce.API", "src\ECommerce.API\ECommerce.API.csproj", "{0D5DDDE1-5C54-4BFE-B209-35235AEF1336}"
EndProject
Global
	GlobalSection(SolutionConfigurationPlatforms) = preSolution
		Debug|Any CPU = Debug|Any CPU
		Debug|x64 = Debug|x64
		Debug|x86 = Debug|x86
		Release|Any CPU = Release|Any CPU
		Release|x64 = Release|x64
		Release|x86 = Release|x86
	EndGlobalSection
	GlobalSection(ProjectConfigurationPlatforms) = postSolution
		{CF5FC1C7-11A9-4949-BB53-0889B3109C32}.Debug|Any CPU.ActiveCfg = Debug|Any CPU
		{CF5FC1C7-11A9-4949-BB53-0889B3109C32}.Debug|Any CPU.Build.0 = Debug|Any CPU
		{CF5FC1C7-11A9-4949-BB53-0889B3109C32}.Debug|x64.ActiveCfg = Debug|Any CPU
		{CF5FC1C7-11A9-4949-BB53-0889B3109C32}.Debug|x64.Build.0 = Debug|Any CPU
		{CF5FC1C7-11A9-4949-BB53-0889B3109C32}.Debug|x86.ActiveCfg = Debug|Any CPU
		{CF5FC1C7-11A9-4949-BB53-0889B3109C32}.Debug|x86.Build.0 = Debug|Any CPU
		{CF5FC1C7-11A9-4949-BB53-0889B3109C32}.Release|Any CPU.ActiveCfg = Release|Any CPU
		{CF5FC1C7-11A9-4949-BB53-0889B3109C32}.Release|Any CPU.Build.0 = Release|Any CPU
		{CF5FC1C7-11A9-4949-BB53-0889B3109C32}.Release|x64.ActiveCfg = Release|Any CPU
		{CF5FC1C7-11A9-4949-BB53-0889B3109C32}.Release|x64.Build.0 = Release|Any CPU
		{CF5FC1C7-11A9-4949-BB53-0889B3109C32}.Release|x86.ActiveCfg = Release|Any CPU
		{CF5FC1C7-11A9-4949-BB53-0889B3109C32}.Release|x86.Build.0 = Release|Any CPU
		{D6383583-93D1-4CDE-8755-AB6DCADC3037}.Debug|Any CPU.ActiveCfg = Debug|Any CPU
		{D6383583-93D1-4CDE-8755-AB6DCADC3037}.Debug|Any CPU.Build.0 = Debug|Any CPU
		{D6383583-93D1-4CDE-8755-AB6DCADC3037}.Debug|x64.ActiveCfg = Debug|Any CPU
		{D6383583-93D1-4CDE-8755-AB6DCADC3037}.Debug|x64.Build.0 = Debug|Any CPU
		{D6383583-93D1-4CDE-8755-AB6DCADC3037}.Debug|x86.ActiveCfg = Debug|Any CPU
		{D6383583-93D1-4CDE-8755-AB6DCADC3037}.Debug|x86.Build.0 = Debug|Any CPU
		{D6383583-93D1-4CDE-8755-AB6DCADC3037}.Release|Any CPU.ActiveCfg = Release|Any CPU
		{D6383583-93D1-4CDE-8755-AB6DCADC3037}.Release|Any CPU.Build.0 = Release|Any CPU
		{D6383583-93D1-4CDE-8755-AB6DCADC3037}.Release|x64.ActiveCfg = Release|Any CPU
		{D6383583-93D1-4CDE-8755-AB6DCADC3037}.Release|x64.Build.0 = Release|Any CPU
		{D6383583-93D1-4CDE-8755-AB6DCADC3037}.Release|x86.ActiveCfg = Release|Any CPU
		{D6383583-93D1-4CDE-8755-AB6DCADC3037}.Release|x86.Build.0 = Release|Any CPU
		{4496FCF5-5169-4B84-AA2A-B4087ED3C281}.Debug|Any CPU.ActiveCfg = Debug|Any CPU
		{4496FCF5-5169-4B84-AA2A-B4087ED3C281}.Debug|Any CPU.Build.0 = Debug|Any CPU
		{4496FCF5-5169-4B84-AA2A-B4087ED3C281}.Debug|x64.ActiveCfg = Debug|Any CPU
		{4496FCF5-5169-4B84-AA2A-B4087ED3C281}.Debug|x64.Build.0 = Debug|Any CPU
		{4496FCF5-5169-4B84-AA2A-B4087ED3C281}.Debug|x86.ActiveCfg = Debug|Any CPU
		{4496FCF5-5169-4B84-AA2A-B4087ED3C281}.Debug|x86.Build.0 = Debug|Any CPU
		{4496FCF5-5169-4B84-AA2A-B4087ED3C281}.Release|Any CPU.ActiveCfg = Release|Any CPU
		{4496FCF5-5169-4B84-AA2A-B4087ED3C281}.Release|Any CPU.Build.0 = Release|Any CPU
		{4496FCF5-5169-4B84-AA2A-B4087ED3C281}.Release|x64.ActiveCfg = Release|Any CPU
		{4496FCF5-5169-4B84-AA2A-B4087ED3C281}.Release|x64.Build.0 = Release|Any CPU
		{4496FCF5-5169-4B84-AA2A-B4087ED3C281}.Release|x86.ActiveCfg = Release|Any CPU
		{4496FCF5-5169-4B84-AA2A-B4087ED3C281}.Release|x86.Build.0 = Release|Any CPU
		{770B26CB-FF1B-4933-9F48-969EDC191FD5}.Debug|Any CPU.ActiveCfg = Debug|Any CPU
		{770B26CB-FF1B-4933-9F48-969EDC191FD5}.Debug|Any CPU.Build.0 = Debug|Any CPU
		{770B26CB-FF1B-4933-9F48-969EDC191FD5}.Debug|x64.ActiveCfg = Debug|Any CPU
		{770B26CB-FF1B-4933-9F48-969EDC191FD5}.Debug|x64.Build.0 = Debug|Any CPU
		{770B26CB-FF1B-4933-9F48-969EDC191FD5}.Debug|x86.ActiveCfg = Debug|Any CPU
		{770B26CB-FF1B-4933-9F48-969EDC191FD5}.Debug|x86.Build.0 = Debug|Any CPU
		{770B26CB-FF1B-4933-9F48-969EDC191FD5}.Release|Any CPU.ActiveCfg = Release|Any CPU
		{770B26CB-FF1B-4933-9F48-969EDC191FD5}.Release|Any CPU.Build.0 = Release|Any CPU
		{770B26CB-FF1B-4933-9F48-969EDC191FD5}.Release|x64.ActiveCfg = Release|Any CPU
		{770B26CB-FF1B-4933-9F48-969EDC191FD5}.Release|x64.Build.0 = Release|Any CPU
		{770B26CB-FF1B-4933-9F48-969EDC191FD5}.Release|x86.ActiveCfg = Release|Any CPU
		{770B26CB-FF1B-4933-9F48-969EDC191FD5}.Release|x86.Build.0 = Release|Any CPU
		{0D5DDDE1-5C54-4BFE-B209-35235AEF1336}.Debug|Any CPU.ActiveCfg = Debug|Any CPU
		{0D5DDDE1-5C54-4BFE-B209-35235AEF1336}.Debug|Any CPU.Build.0 = Debug|Any CPU
		{0D5DDDE1-5C54-4BFE-B209-35235AEF1336}.Debug|x64.ActiveCfg = Debug|Any CPU
		{0D5DDDE1-5C54-4BFE-B209-35235AEF1336}.Debug|x64.Build.0 = Debug|Any CPU
		{0D5DDDE1-5C54-4BFE-B209-35235AEF1336}.Debug|x86.ActiveCfg = Debug|Any CPU
		{0D5DDDE1-5C54-4BFE-B209-35235AEF1336}.Debug|x86.Build.0 = Debug|Any CPU
		{0D5DDDE1-5C54-4BFE-B209-35235AEF1336}.Release|Any CPU.ActiveCfg = Release|Any CPU
		{0D5DDDE1-5C54-4BFE-B209-35235AEF1336}.Release|Any CPU.Build.0 = Release|Any CPU
		{0D5DDDE1-5C54-4BFE-B209-35235AEF1336}.Release|x64.ActiveCfg = Release|Any CPU
		{0D5DDDE1-5C54-4BFE-B209-35235AEF1336}.Release|x64.Build.0 = Release|Any CPU
		{0D5DDDE1-5C54-4BFE-B209-35235AEF1336}.Release|x86.ActiveCfg = Release|Any CPU
		{0D5DDDE1-5C54-4BFE-B209-35235AEF1336}.Release|x86.Build.0 = Release|Any CPU
	EndGlobalSection
	GlobalSection(SolutionProperties) = preSolution
		HideSolutionNode = FALSE
	EndGlobalSection
	GlobalSection(NestedProjects) = preSolution
		{CF5FC1C7-11A9-4949-BB53-0889B3109C32} = {827E0CD3-B72D-47B6-A68D-7590B98EB39B}
		{D6383583-93D1-4CDE-8755-AB6DCADC3037} = {827E0CD3-B72D-47B6-A68D-7590B98EB39B}
		{4496FCF5-5169-4B84-AA2A-B4087ED3C281} = {827E0CD3-B72D-47B6-A68D-7590B98EB39B}
		{770B26CB-FF1B-4933-9F48-969EDC191FD5} = {827E0CD3-B72D-47B6-A68D-7590B98EB39B}
		{0D5DDDE1-5C54-4BFE-B209-35235AEF1336} = {827E0CD3-B72D-47B6-A68D-7590B98EB39B}
	EndGlobalSection
EndGlobal
